#MicroXplorer Configuration settings - do not modify
ADC1.Channel-0\#ChannelRegularConversion=ADC_CHANNEL_1
ADC1.ClockPrescaler=ADC_CLOCK_SYNC_PCLK_DIV4
ADC1.ContinuousConvMode=ENABLE
ADC1.DMAContinuousRequests=ENABLE
ADC1.DataAlign=ADC_DATAALIGN_RIGHT
ADC1.DiscontinuousConvMode=DISABLE
ADC1.EOCSelection=ADC_EOC_SEQ_CONV
ADC1.EnableAnalogWatchDog1=false
ADC1.EnableAnalogWatchDog2=false
ADC1.EnableAnalogWatchDog3=false
ADC1.EnableInjectedConversion=DISABLE
ADC1.EnableRegularConversion=ENABLE
ADC1.ExternalTrigConv=ADC_EXTERNALTRIGCONV_T8_TRGO2
ADC1.ExternalTrigConvEdge=ADC_EXTERNALTRIGCONVEDGE_FALLING
ADC1.IPParameters=Rank-0\#ChannelRegularConversion,Channel-0\#ChannelRegularConversion,SamplingTime-0\#ChannelRegularConversion,OffsetNumber-0\#ChannelRegularConversion,Offset-0\#ChannelRegularConversion,NbrOfConversionFlag,ClockPrescaler,ContinuousConvMode,DMAContinuousRequests,EOCSelection,ExternalTrigConv,ExternalTrigConvEdge,EnableInjectedConversion,Resolution,DataAlign,ScanConvMode,DiscontinuousConvMode,Overrun,LowPowerAutoWait,EnableRegularConversion,NbrOfConversion,EnableAnalogWatchDog1,EnableAnalogWatchDog2,EnableAnalogWatchDog3,master
ADC1.LowPowerAutoWait=DISABLE
ADC1.NbrOfConversion=1
ADC1.NbrOfConversionFlag=1
ADC1.Offset-0\#ChannelRegularConversion=0
ADC1.OffsetNumber-0\#ChannelRegularConversion=ADC_OFFSET_NONE
ADC1.Overrun=ADC_OVR_DATA_OVERWRITTEN
ADC1.Rank-0\#ChannelRegularConversion=1
ADC1.Resolution=ADC_RESOLUTION_12B
ADC1.SamplingTime-0\#ChannelRegularConversion=ADC_SAMPLETIME_181CYCLES_5
ADC1.ScanConvMode=ADC_SCAN_DISABLE
ADC1.master=1
ADC3.Channel-0\#ChannelRegularConversion=ADC_CHANNEL_12
ADC3.Channel-1\#ChannelRegularConversion=ADC_CHANNEL_1
ADC3.Channel-2\#ChannelRegularConversion=ADC_CHANNEL_13
ADC3.Channel-3\#ChannelRegularConversion=ADC_CHANNEL_6
ADC3.Channel-4\#ChannelRegularConversion=ADC_CHANNEL_2
ADC3.Channel-5\#ChannelRegularConversion=ADC_CHANNEL_14
ADC3.Channel-6\#ChannelRegularConversion=ADC_CHANNEL_15
ADC3.Channel-7\#ChannelRegularConversion=ADC_CHANNEL_16
ADC3.Channel-8\#ChannelRegularConversion=ADC_CHANNEL_3
ADC3.ClockPrescaler=ADC_CLOCK_SYNC_PCLK_DIV4
ADC3.ContinuousConvMode=ENABLE
ADC3.DMAContinuousRequests=ENABLE
ADC3.DataAlign=ADC_DATAALIGN_RIGHT
ADC3.DiscontinuousConvMode=DISABLE
ADC3.EOCSelection=ADC_EOC_SEQ_CONV
ADC3.EnableAnalogWatchDog1=false
ADC3.EnableAnalogWatchDog2=false
ADC3.EnableAnalogWatchDog3=false
ADC3.EnableInjectedConversion=DISABLE
ADC3.EnableRegularConversion=ENABLE
ADC3.ExternalTrigConv=ADC_EXTERNALTRIGCONV_T8_TRGO2
ADC3.ExternalTrigConvEdge=ADC_EXTERNALTRIGCONVEDGE_FALLING
ADC3.IPParameters=Rank-0\#ChannelRegularConversion,Channel-0\#ChannelRegularConversion,SamplingTime-0\#ChannelRegularConversion,OffsetNumber-0\#ChannelRegularConversion,Offset-0\#ChannelRegularConversion,NbrOfConversionFlag,master,ContinuousConvMode,DMAContinuousRequests,EOCSelection,Rank-1\#ChannelRegularConversion,Channel-1\#ChannelRegularConversion,SamplingTime-1\#ChannelRegularConversion,OffsetNumber-1\#ChannelRegularConversion,Offset-1\#ChannelRegularConversion,Rank-2\#ChannelRegularConversion,Channel-2\#ChannelRegularConversion,SamplingTime-2\#ChannelRegularConversion,OffsetNumber-2\#ChannelRegularConversion,Offset-2\#ChannelRegularConversion,Rank-3\#ChannelRegularConversion,Channel-3\#ChannelRegularConversion,SamplingTime-3\#ChannelRegularConversion,OffsetNumber-3\#ChannelRegularConversion,Offset-3\#ChannelRegularConversion,Rank-4\#ChannelRegularConversion,Channel-4\#ChannelRegularConversion,SamplingTime-4\#ChannelRegularConversion,OffsetNumber-4\#ChannelRegularConversion,Offset-4\#ChannelRegularConversion,Rank-5\#ChannelRegularConversion,Channel-5\#ChannelRegularConversion,SamplingTime-5\#ChannelRegularConversion,OffsetNumber-5\#ChannelRegularConversion,Offset-5\#ChannelRegularConversion,Rank-6\#ChannelRegularConversion,Channel-6\#ChannelRegularConversion,SamplingTime-6\#ChannelRegularConversion,OffsetNumber-6\#ChannelRegularConversion,Offset-6\#ChannelRegularConversion,Rank-7\#ChannelRegularConversion,Channel-7\#ChannelRegularConversion,SamplingTime-7\#ChannelRegularConversion,OffsetNumber-7\#ChannelRegularConversion,Offset-7\#ChannelRegularConversion,Rank-8\#ChannelRegularConversion,Channel-8\#ChannelRegularConversion,SamplingTime-8\#ChannelRegularConversion,OffsetNumber-8\#ChannelRegularConversion,Offset-8\#ChannelRegularConversion,NbrOfConversion,EnableInjectedConversion,Resolution,DataAlign,ScanConvMode,DiscontinuousConvMode,Overrun,LowPowerAutoWait,EnableRegularConversion,ExternalTrigConv,ExternalTrigConvEdge,EnableAnalogWatchDog1,EnableAnalogWatchDog2,EnableAnalogWatchDog3,ClockPrescaler
ADC3.LowPowerAutoWait=DISABLE
ADC3.NbrOfConversion=9
ADC3.NbrOfConversionFlag=1
ADC3.Offset-0\#ChannelRegularConversion=0
ADC3.Offset-1\#ChannelRegularConversion=0
ADC3.Offset-2\#ChannelRegularConversion=0
ADC3.Offset-3\#ChannelRegularConversion=0
ADC3.Offset-4\#ChannelRegularConversion=0
ADC3.Offset-5\#ChannelRegularConversion=0
ADC3.Offset-6\#ChannelRegularConversion=0
ADC3.Offset-7\#ChannelRegularConversion=0
ADC3.Offset-8\#ChannelRegularConversion=0
ADC3.OffsetNumber-0\#ChannelRegularConversion=ADC_OFFSET_NONE
ADC3.OffsetNumber-1\#ChannelRegularConversion=ADC_OFFSET_NONE
ADC3.OffsetNumber-2\#ChannelRegularConversion=ADC_OFFSET_NONE
ADC3.OffsetNumber-3\#ChannelRegularConversion=ADC_OFFSET_NONE
ADC3.OffsetNumber-4\#ChannelRegularConversion=ADC_OFFSET_NONE
ADC3.OffsetNumber-5\#ChannelRegularConversion=ADC_OFFSET_NONE
ADC3.OffsetNumber-6\#ChannelRegularConversion=ADC_OFFSET_NONE
ADC3.OffsetNumber-7\#ChannelRegularConversion=ADC_OFFSET_NONE
ADC3.OffsetNumber-8\#ChannelRegularConversion=ADC_OFFSET_NONE
ADC3.Overrun=ADC_OVR_DATA_OVERWRITTEN
ADC3.Rank-0\#ChannelRegularConversion=1
ADC3.Rank-1\#ChannelRegularConversion=2
ADC3.Rank-2\#ChannelRegularConversion=3
ADC3.Rank-3\#ChannelRegularConversion=4
ADC3.Rank-4\#ChannelRegularConversion=5
ADC3.Rank-5\#ChannelRegularConversion=6
ADC3.Rank-6\#ChannelRegularConversion=7
ADC3.Rank-7\#ChannelRegularConversion=8
ADC3.Rank-8\#ChannelRegularConversion=9
ADC3.Resolution=ADC_RESOLUTION_12B
ADC3.SamplingTime-0\#ChannelRegularConversion=ADC_SAMPLETIME_181CYCLES_5
ADC3.SamplingTime-1\#ChannelRegularConversion=ADC_SAMPLETIME_181CYCLES_5
ADC3.SamplingTime-2\#ChannelRegularConversion=ADC_SAMPLETIME_181CYCLES_5
ADC3.SamplingTime-3\#ChannelRegularConversion=ADC_SAMPLETIME_181CYCLES_5
ADC3.SamplingTime-4\#ChannelRegularConversion=ADC_SAMPLETIME_181CYCLES_5
ADC3.SamplingTime-5\#ChannelRegularConversion=ADC_SAMPLETIME_181CYCLES_5
ADC3.SamplingTime-6\#ChannelRegularConversion=ADC_SAMPLETIME_181CYCLES_5
ADC3.SamplingTime-7\#ChannelRegularConversion=ADC_SAMPLETIME_181CYCLES_5
ADC3.SamplingTime-8\#ChannelRegularConversion=ADC_SAMPLETIME_181CYCLES_5
ADC3.ScanConvMode=ADC_SCAN_ENABLE
ADC3.master=1
ADC4.Channel-0\#ChannelRegularConversion=ADC_CHANNEL_VOPAMP4
ADC4.ClockPrescaler=ADC_CLOCK_SYNC_PCLK_DIV4
ADC4.ContinuousConvMode=ENABLE
ADC4.DMAContinuousRequests=ENABLE
ADC4.DataAlign=ADC_DATAALIGN_RIGHT
ADC4.DiscontinuousConvMode=DISABLE
ADC4.EOCSelection=ADC_EOC_SEQ_CONV
ADC4.EnableAnalogWatchDog1=false
ADC4.EnableAnalogWatchDog2=false
ADC4.EnableAnalogWatchDog3=false
ADC4.EnableInjectedConversion=DISABLE
ADC4.EnableRegularConversion=ENABLE
ADC4.ExternalTrigConv=ADC_EXTERNALTRIGCONV_T8_TRGO2
ADC4.ExternalTrigConvEdge=ADC_EXTERNALTRIGCONVEDGE_FALLING
ADC4.IPParameters=Rank-0\#ChannelRegularConversion,Channel-0\#ChannelRegularConversion,SamplingTime-0\#ChannelRegularConversion,OffsetNumber-0\#ChannelRegularConversion,Offset-0\#ChannelRegularConversion,NbrOfConversionFlag,ClockPrescaler,EOCSelection,ContinuousConvMode,DMAContinuousRequests,ExternalTrigConv,EnableInjectedConversion,ExternalTrigConvEdge,NbrOfConversion,Resolution,DataAlign,ScanConvMode,DiscontinuousConvMode,Overrun,LowPowerAutoWait,EnableRegularConversion,EnableAnalogWatchDog1,EnableAnalogWatchDog2,EnableAnalogWatchDog3
ADC4.LowPowerAutoWait=DISABLE
ADC4.NbrOfConversion=1
ADC4.NbrOfConversionFlag=1
ADC4.Offset-0\#ChannelRegularConversion=0
ADC4.OffsetNumber-0\#ChannelRegularConversion=ADC_OFFSET_NONE
ADC4.Overrun=ADC_OVR_DATA_OVERWRITTEN
ADC4.Rank-0\#ChannelRegularConversion=1
ADC4.Resolution=ADC_RESOLUTION_12B
ADC4.SamplingTime-0\#ChannelRegularConversion=ADC_SAMPLETIME_181CYCLES_5
ADC4.ScanConvMode=ADC_SCAN_DISABLE
Dma.ADC1.5.Direction=DMA_PERIPH_TO_MEMORY
Dma.ADC1.5.Instance=DMA1_Channel1
Dma.ADC1.5.MemDataAlignment=DMA_MDATAALIGN_HALFWORD
Dma.ADC1.5.MemInc=DMA_MINC_ENABLE
Dma.ADC1.5.Mode=DMA_CIRCULAR
Dma.ADC1.5.PeriphDataAlignment=DMA_PDATAALIGN_HALFWORD
Dma.ADC1.5.PeriphInc=DMA_PINC_DISABLE
Dma.ADC1.5.Priority=DMA_PRIORITY_HIGH
Dma.ADC1.5.RequestParameters=Instance,Direction,PeriphInc,MemInc,PeriphDataAlignment,MemDataAlignment,Mode,Priority
Dma.ADC3.3.Direction=DMA_PERIPH_TO_MEMORY
Dma.ADC3.3.Instance=DMA2_Channel5
Dma.ADC3.3.MemDataAlignment=DMA_MDATAALIGN_HALFWORD
Dma.ADC3.3.MemInc=DMA_MINC_ENABLE
Dma.ADC3.3.Mode=DMA_CIRCULAR
Dma.ADC3.3.PeriphDataAlignment=DMA_PDATAALIGN_HALFWORD
Dma.ADC3.3.PeriphInc=DMA_PINC_DISABLE
Dma.ADC3.3.Priority=DMA_PRIORITY_HIGH
Dma.ADC3.3.RequestParameters=Instance,Direction,PeriphInc,MemInc,PeriphDataAlignment,MemDataAlignment,Mode,Priority
Dma.ADC4.4.Direction=DMA_PERIPH_TO_MEMORY
Dma.ADC4.4.Instance=DMA2_Channel2
Dma.ADC4.4.MemDataAlignment=DMA_MDATAALIGN_HALFWORD
Dma.ADC4.4.MemInc=DMA_MINC_ENABLE
Dma.ADC4.4.Mode=DMA_CIRCULAR
Dma.ADC4.4.PeriphDataAlignment=DMA_PDATAALIGN_HALFWORD
Dma.ADC4.4.PeriphInc=DMA_PINC_DISABLE
Dma.ADC4.4.Priority=DMA_PRIORITY_LOW
Dma.ADC4.4.RequestParameters=Instance,Direction,PeriphInc,MemInc,PeriphDataAlignment,MemDataAlignment,Mode,Priority
Dma.Request0=USART1_RX
Dma.Request1=USART1_TX
Dma.Request2=USART2_RX
Dma.Request3=ADC3
Dma.Request4=ADC4
Dma.Request5=ADC1
Dma.RequestsNb=6
Dma.USART1_RX.0.Direction=DMA_PERIPH_TO_MEMORY
Dma.USART1_RX.0.Instance=DMA1_Channel5
Dma.USART1_RX.0.MemDataAlignment=DMA_MDATAALIGN_BYTE
Dma.USART1_RX.0.MemInc=DMA_MINC_ENABLE
Dma.USART1_RX.0.Mode=DMA_NORMAL
Dma.USART1_RX.0.PeriphDataAlignment=DMA_PDATAALIGN_BYTE
Dma.USART1_RX.0.PeriphInc=DMA_PINC_DISABLE
Dma.USART1_RX.0.Priority=DMA_PRIORITY_LOW
Dma.USART1_RX.0.RequestParameters=Instance,Direction,PeriphInc,MemInc,PeriphDataAlignment,MemDataAlignment,Mode,Priority
Dma.USART1_TX.1.Direction=DMA_MEMORY_TO_PERIPH
Dma.USART1_TX.1.Instance=DMA1_Channel4
Dma.USART1_TX.1.MemDataAlignment=DMA_MDATAALIGN_BYTE
Dma.USART1_TX.1.MemInc=DMA_MINC_ENABLE
Dma.USART1_TX.1.Mode=DMA_NORMAL
Dma.USART1_TX.1.PeriphDataAlignment=DMA_PDATAALIGN_BYTE
Dma.USART1_TX.1.PeriphInc=DMA_PINC_DISABLE
Dma.USART1_TX.1.Priority=DMA_PRIORITY_LOW
Dma.USART1_TX.1.RequestParameters=Instance,Direction,PeriphInc,MemInc,PeriphDataAlignment,MemDataAlignment,Mode,Priority
Dma.USART2_RX.2.Direction=DMA_PERIPH_TO_MEMORY
Dma.USART2_RX.2.Instance=DMA1_Channel6
Dma.USART2_RX.2.MemDataAlignment=DMA_MDATAALIGN_BYTE
Dma.USART2_RX.2.MemInc=DMA_MINC_ENABLE
Dma.USART2_RX.2.Mode=DMA_NORMAL
Dma.USART2_RX.2.PeriphDataAlignment=DMA_PDATAALIGN_BYTE
Dma.USART2_RX.2.PeriphInc=DMA_PINC_DISABLE
Dma.USART2_RX.2.Priority=DMA_PRIORITY_LOW
Dma.USART2_RX.2.RequestParameters=Instance,Direction,PeriphInc,MemInc,PeriphDataAlignment,MemDataAlignment,Mode,Priority
File.Version=6
I2C1.IPParameters=Timing,OwnAddress
I2C1.OwnAddress=21
I2C1.Timing=0x10808DD3
KeepUserPlacement=false
Mcu.Family=STM32F3
Mcu.IP0=ADC1
Mcu.IP1=ADC3
Mcu.IP10=SYS
Mcu.IP11=TIM8
Mcu.IP12=TIM16
Mcu.IP13=USART1
Mcu.IP14=USART2
Mcu.IP15=USART3
Mcu.IP2=ADC4
Mcu.IP3=DMA
Mcu.IP4=I2C1
Mcu.IP5=NVIC
Mcu.IP6=OPAMP4
Mcu.IP7=RCC
Mcu.IP8=RTC
Mcu.IP9=SPI3
Mcu.IPNb=16
Mcu.Name=STM32F303V(D-E)Tx
Mcu.Package=LQFP100
Mcu.Pin0=PE6
Mcu.Pin1=PC13
Mcu.Pin10=PB0
Mcu.Pin11=PB1
Mcu.Pin12=PE7
Mcu.Pin13=PE8
Mcu.Pin14=PE9
Mcu.Pin15=PE10
Mcu.Pin16=PE11
Mcu.Pin17=PE12
Mcu.Pin18=PE13
Mcu.Pin19=PB12
Mcu.Pin2=PC14-OSC32_IN
Mcu.Pin20=PB14
Mcu.Pin21=PD8
Mcu.Pin22=PD9
Mcu.Pin23=PD10
Mcu.Pin24=PD11
Mcu.Pin25=PD12
Mcu.Pin26=PD13
Mcu.Pin27=PC6
Mcu.Pin28=PC7
Mcu.Pin29=PC8
Mcu.Pin3=PC15-OSC32_OUT
Mcu.Pin30=PC9
Mcu.Pin31=PA8
Mcu.Pin32=PA9
Mcu.Pin33=PA10
Mcu.Pin34=PA14
Mcu.Pin35=PA15
Mcu.Pin36=PC10
Mcu.Pin37=PC11
Mcu.Pin38=PC12
Mcu.Pin39=PD0
Mcu.Pin4=PF0-OSC_IN
Mcu.Pin40=PD2
Mcu.Pin41=PD3
Mcu.Pin42=PB3
Mcu.Pin43=PB6
Mcu.Pin44=PB7
Mcu.Pin45=PB8
Mcu.Pin46=PB9
Mcu.Pin47=PE0
Mcu.Pin48=VP_ADC4_OPAMP_INTERNAL4
Mcu.Pin49=VP_RTC_VS_RTC_Activate
Mcu.Pin5=PF1-OSC_OUT
Mcu.Pin50=VP_RTC_VS_RTC_Calendar
Mcu.Pin51=VP_SYS_VS_Systick
Mcu.Pin52=VP_TIM16_VS_ClockSourceINT
Mcu.Pin53=VP_TIM16_VS_OPM
Mcu.Pin6=PF2
Mcu.Pin7=PA0
Mcu.Pin8=PA2
Mcu.Pin9=PA3
Mcu.PinsNb=54
Mcu.ThirdPartyNb=0
Mcu.UserConstants=
Mcu.UserName=STM32F303VETx
MxCube.Version=4.27.0
MxDb.Version=DB.4.0.270
NVIC.ADC1_2_IRQn=true\:0\:0\:false\:false\:true\:true
NVIC.ADC3_IRQn=true\:0\:0\:false\:false\:true\:true
NVIC.ADC4_IRQn=true\:0\:0\:false\:false\:true\:true
NVIC.BusFault_IRQn=true\:0\:0\:false\:false\:false\:false
NVIC.DMA1_Channel1_IRQn=true\:0\:0\:false\:false\:true\:false
NVIC.DMA1_Channel4_IRQn=true\:0\:0\:false\:false\:true\:false
NVIC.DMA1_Channel5_IRQn=true\:0\:0\:false\:false\:true\:false
NVIC.DMA1_Channel6_IRQn=true\:0\:0\:false\:false\:true\:false
NVIC.DMA2_Channel2_IRQn=true\:0\:0\:false\:false\:true\:false
NVIC.DMA2_Channel5_IRQn=true\:0\:0\:false\:false\:true\:false
NVIC.DebugMonitor_IRQn=true\:0\:0\:false\:false\:false\:false
NVIC.EXTI9_5_IRQn=true\:0\:0\:false\:false\:true\:true
NVIC.HardFault_IRQn=true\:0\:0\:false\:false\:false\:false
NVIC.MemoryManagement_IRQn=true\:0\:0\:false\:false\:false\:false
NVIC.NonMaskableInt_IRQn=true\:0\:0\:false\:false\:false\:false
NVIC.PendSV_IRQn=true\:0\:0\:false\:false\:false\:false
NVIC.PriorityGroup=NVIC_PRIORITYGROUP_4
NVIC.SVCall_IRQn=true\:0\:0\:false\:false\:false\:false
NVIC.SysTick_IRQn=true\:0\:0\:false\:false\:true\:false
NVIC.TAMP_STAMP_IRQn=true\:0\:0\:false\:false\:true\:true
NVIC.TIM1_UP_TIM16_IRQn=true\:0\:0\:false\:false\:true\:true
NVIC.TIM8_TRG_COM_IRQn=true\:0\:0\:false\:false\:true\:true
NVIC.TIM8_UP_IRQn=true\:0\:0\:false\:false\:true\:true
NVIC.USART1_IRQn=true\:0\:0\:false\:false\:true\:true
NVIC.USART2_IRQn=true\:0\:0\:false\:false\:true\:true
NVIC.UsageFault_IRQn=true\:0\:0\:false\:false\:false\:false
OPAMP4.IPParameters=SelfCalibration
OPAMP4.SelfCalibration=Disable
PA0.Mode=IN1-Single-Ended
PA0.Signal=ADC1_IN1
PA10.Locked=true
PA10.Mode=Asynchronous
PA10.Signal=USART1_RX
PA14.GPIOParameters=GPIO_Label
PA14.GPIO_Label=ADC_TRIG
PA14.Signal=S_TIM8_CH2
PA15.GPIOParameters=GPIO_Speed,PinState,GPIO_PuPd,GPIO_Label,GPIO_ModeDefaultOutputPP
PA15.GPIO_Label=RFM_CS
PA15.GPIO_ModeDefaultOutputPP=GPIO_MODE_OUTPUT_PP
PA15.GPIO_PuPd=GPIO_NOPULL
PA15.GPIO_Speed=GPIO_SPEED_FREQ_HIGH
PA15.Locked=true
PA15.PinState=GPIO_PIN_SET
PA15.Signal=GPIO_Output
PA2.Locked=true
PA2.Mode=Asynchronous
PA2.Signal=USART2_TX
PA3.Locked=true
PA3.Mode=Asynchronous
PA3.Signal=USART2_RX
PA8.GPIOParameters=GPIO_PuPd,GPIO_Label
PA8.GPIO_Label=RJ1_PULSE
PA8.GPIO_PuPd=GPIO_PULLDOWN
PA8.Locked=true
PA8.Signal=GPXTI8
PA9.Locked=true
PA9.Mode=Asynchronous
PA9.Signal=USART1_TX
PB0.Locked=true
PB0.Mode=IN12-Single-Ended
PB0.Signal=ADC3_IN12
PB1.Locked=true
PB1.Mode=IN1-Single-Ended
PB1.Signal=ADC3_IN1
PB12.Locked=true
PB12.Mode=Follower
PB12.Signal=OPAMP4_VOUT
PB14.GPIOParameters=GPIO_Label
PB14.GPIO_Label=BUTTON1
PB14.Locked=true
PB14.Signal=GPIO_Input
PB3.GPIOParameters=GPIO_PuPd,GPIO_Label
PB3.GPIO_Label=RFM_IRQ
PB3.GPIO_PuPd=GPIO_NOPULL
PB3.Locked=true
PB3.Signal=GPIO_Input
PB6.Locked=true
PB6.Mode=I2C
PB6.Signal=I2C1_SCL
PB7.Locked=true
PB7.Mode=I2C
PB7.Signal=I2C1_SDA
PB8.Locked=true
PB8.Mode=Asynchronous
PB8.Signal=USART3_RX
PB9.Locked=true
PB9.Mode=Asynchronous
PB9.Signal=USART3_TX
PC10.Locked=true
PC10.Mode=Full_Duplex_Master
PC10.Signal=SPI3_SCK
PC11.Locked=true
PC11.Mode=Full_Duplex_Master
PC11.Signal=SPI3_MISO
PC12.Locked=true
PC12.Mode=Full_Duplex_Master
PC12.Signal=SPI3_MOSI
PC13.Mode=Timestamp enabled
PC13.Signal=RTC_TS
PC14-OSC32_IN.Locked=true
PC14-OSC32_IN.Mode=LSE-External-Oscillator
PC14-OSC32_IN.Signal=RCC_OSC32_IN
PC15-OSC32_OUT.Locked=true
PC15-OSC32_OUT.Mode=LSE-External-Oscillator
PC15-OSC32_OUT.Signal=RCC_OSC32_OUT
PC6.GPIOParameters=GPIO_Label
PC6.GPIO_Label=PUSHIN_1
PC6.Locked=true
PC6.Signal=GPIO_Input
PC7.GPIOParameters=GPIO_Label
PC7.GPIO_Label=PUSHIN_2
PC7.Locked=true
PC7.Signal=GPIO_Input
PC8.GPIOParameters=GPIO_Label
PC8.GPIO_Label=PUSHIN_3
PC8.Locked=true
PC8.Signal=GPIO_Input
PC9.GPIOParameters=GPIO_Label
PC9.GPIO_Label=DS18B20_RJ1
PC9.Locked=true
PC9.Signal=GPIO_Output
PCC.Checker=false
PCC.Line=STM32F303
PCC.MCU=STM32F303V(D-E)Tx
PCC.PartNumber=STM32F303VETx
PCC.Seq0=0
PCC.Series=STM32F3
PCC.Temperature=25
PCC.Vdd=3.6
PD0.GPIOParameters=GPIO_Label
PD0.GPIO_Label=DS18B20_RJ2
PD0.Locked=true
PD0.Signal=GPIO_Input
PD10.Locked=true
PD10.Signal=GPIO_Output
PD11.Locked=true
PD11.Mode=Follower
PD11.Signal=OPAMP4_VINP
PD12.GPIOParameters=GPIO_PuPd,GPIO_Label
PD12.GPIO_Label=RPI_GPIO16
PD12.GPIO_PuPd=GPIO_PULLDOWN
PD12.Locked=true
PD12.Signal=GPIO_Input
PD13.GPIOParameters=GPIO_PuPd,GPIO_Label
PD13.GPIO_Label=RPI_GPIO20
PD13.GPIO_PuPd=GPIO_PULLDOWN
PD13.Locked=true
PD13.Signal=GPIO_Input
PD2.Locked=true
PD2.Signal=GPIO_Output
PD3.Locked=true
PD3.Signal=GPIO_Output
PD8.Locked=true
PD8.Signal=GPIO_Output
PD9.Locked=true
PD9.Signal=GPIO_Output
PE0.GPIOParameters=GPIO_Label
PE0.GPIO_Label=pushin_byant
PE0.Locked=true
PE0.Signal=GPIO_Input
PE10.Locked=true
PE10.Mode=IN14-Single-Ended
PE10.Signal=ADC3_IN14
PE11.Locked=true
PE11.Mode=IN15-Single-Ended
PE11.Signal=ADC3_IN15
PE12.Locked=true
PE12.Mode=IN16-Single-Ended
PE12.Signal=ADC3_IN16
PE13.Locked=true
PE13.Mode=IN3-Single-Ended
PE13.Signal=ADC3_IN3
PE6.GPIOParameters=PinState,GPIO_Label
PE6.GPIO_Label=RFM_RST
PE6.Locked=true
PE6.PinState=GPIO_PIN_RESET
PE6.Signal=GPIO_Output
PE7.Locked=true
PE7.Mode=IN13-Single-Ended
PE7.Signal=ADC3_IN13
PE8.Locked=true
PE8.Signal=ADCx_IN6P
PE9.Locked=true
PE9.Mode=IN2-Single-Ended
PE9.Signal=ADC3_IN2
PF0-OSC_IN.Mode=HSE-External-Oscillator
PF0-OSC_IN.Signal=RCC_OSC_IN
PF1-OSC_OUT.Locked=true
PF1-OSC_OUT.Mode=HSE-External-Oscillator
PF1-OSC_OUT.Signal=RCC_OSC_OUT
PF2.Locked=true
PF2.Signal=ADCx_IN10
PinOutPanel.RotationAngle=180
ProjectManager.AskForMigrate=true
ProjectManager.BackupPrevious=false
ProjectManager.CompilerOptimize=6
ProjectManager.ComputerToolchain=false
ProjectManager.CoupleFile=true
ProjectManager.CustomerFirmwarePackage=
ProjectManager.DefaultFWLocation=true
ProjectManager.DeletePrevious=true
ProjectManager.DeviceId=STM32F303VETx
ProjectManager.FirmwarePackage=STM32Cube FW_F3 V1.10.0
ProjectManager.FreePins=true
ProjectManager.HalAssertFull=false
ProjectManager.HeapSize=0x200
ProjectManager.KeepUserCode=true
ProjectManager.LastFirmware=true
ProjectManager.LibraryCopy=1
ProjectManager.MainLocation=Src
ProjectManager.NoMain=false
ProjectManager.PreviousToolchain=
ProjectManager.ProjectBuild=false
ProjectManager.ProjectFileName=Sombrero_VE_Working1.ioc
ProjectManager.ProjectName=Sombrero_VE_Working1
ProjectManager.StackSize=0x400
ProjectManager.TargetToolchain=Makefile
ProjectManager.ToolChainLocation=
ProjectManager.UnderRoot=false
ProjectManager.functionlistsort=1-MX_GPIO_Init-GPIO-false-HAL-true,2-MX_DMA_Init-DMA-false-HAL-true,3-SystemClock_Config-RCC-false-HAL-false,4-MX_USART2_UART_Init-USART2-false-HAL-true,5-MX_OPAMP4_Init-OPAMP4-false-HAL-true,6-MX_ADC3_Init-ADC3-false-HAL-true,7-MX_TIM8_Init-TIM8-false-HAL-true,8-MX_ADC1_Init-ADC1-false-HAL-true,9-MX_USART1_UART_Init-USART1-false-HAL-true,10-MX_SPI3_Init-SPI3-false-HAL-true,11-MX_TIM16_Init-TIM16-false-HAL-true,12-MX_USART3_UART_Init-USART3-false-HAL-true,13-MX_I2C1_Init-I2C1-false-HAL-true,14-MX_RTC_Init-RTC-false-HAL-true,15-MX_ADC4_Init-ADC4-false-HAL-true
RCC.ADC12outputFreq_Value=72000000
RCC.ADC34outputFreq_Value=72000000
RCC.AHBFreq_Value=72000000
RCC.APB1CLKDivider=RCC_HCLK_DIV2
RCC.APB1Freq_Value=36000000
RCC.APB1TimFreq_Value=72000000
RCC.APB2Freq_Value=72000000
RCC.APB2TimFreq_Value=72000000
RCC.CortexFreq_Value=72000000
RCC.FCLKCortexFreq_Value=72000000
RCC.FamilyName=M
RCC.HCLKFreq_Value=72000000
RCC.HSE_VALUE=8000000
RCC.HSI_VALUE=8000000
RCC.I2C1Freq_Value=72000000
RCC.I2C2Freq_Value=8000000
RCC.I2C3Freq_Value=8000000
RCC.I2SClocksFreq_Value=72000000
RCC.I2c1ClockSelection=RCC_I2C1CLKSOURCE_SYSCLK
RCC.IPParameters=ADC12outputFreq_Value,ADC34outputFreq_Value,AHBFreq_Value,APB1CLKDivider,APB1Freq_Value,APB1TimFreq_Value,APB2Freq_Value,APB2TimFreq_Value,CortexFreq_Value,FCLKCortexFreq_Value,FamilyName,HCLKFreq_Value,HSE_VALUE,HSI_VALUE,I2C1Freq_Value,I2C2Freq_Value,I2C3Freq_Value,I2SClocksFreq_Value,I2c1ClockSelection,LSI_VALUE,MCOFreq_Value,PLLCLKFreq_Value,PLLMCOFreq_Value,PLLMUL,PLLSourceVirtual,PRESCALERUSB,RTCClockSelection,RTCFreq_Value,RTCHSEDivFreq_Value,SYSCLKFreq_VALUE,SYSCLKSourceVirtual,TIM15Freq_Value,TIM16Freq_Value,TIM17Freq_Value,TIM1Freq_Value,TIM20Freq_Value,TIM2Freq_Value,TIM3Freq_Value,TIM8Freq_Value,UART4Freq_Value,UART5Freq_Value,USART1Freq_Value,USART2Freq_Value,USART3Freq_Value,USBFreq_Value,Uart4ClockSelection,Usart1ClockSelection,Usart2ClockSelection,Usart3ClockSelection,VCOOutput2Freq_Value
RCC.LSI_VALUE=40000
RCC.MCOFreq_Value=72000000
RCC.PLLCLKFreq_Value=72000000
RCC.PLLMCOFreq_Value=72000000
RCC.PLLMUL=RCC_PLL_MUL9
RCC.PLLSourceVirtual=RCC_PLLSOURCE_HSE
RCC.PRESCALERUSB=RCC_USBCLKSOURCE_PLL_DIV1_5
RCC.RTCClockSelection=RCC_RTCCLKSOURCE_LSE
RCC.RTCFreq_Value=32768
RCC.RTCHSEDivFreq_Value=250000
RCC.SYSCLKFreq_VALUE=72000000
RCC.SYSCLKSourceVirtual=RCC_SYSCLKSOURCE_PLLCLK
RCC.TIM15Freq_Value=72000000
RCC.TIM16Freq_Value=72000000
RCC.TIM17Freq_Value=72000000
RCC.TIM1Freq_Value=72000000
RCC.TIM20Freq_Value=72000000
RCC.TIM2Freq_Value=72000000
RCC.TIM3Freq_Value=72000000
RCC.TIM8Freq_Value=72000000
RCC.UART4Freq_Value=72000000
RCC.UART5Freq_Value=36000000
RCC.USART1Freq_Value=72000000
RCC.USART2Freq_Value=72000000
RCC.USART3Freq_Value=72000000
RCC.USBFreq_Value=48000000
RCC.Uart4ClockSelection=RCC_UART4CLKSOURCE_SYSCLK
RCC.Usart1ClockSelection=RCC_USART1CLKSOURCE_SYSCLK
RCC.Usart2ClockSelection=RCC_USART2CLKSOURCE_SYSCLK
RCC.Usart3ClockSelection=RCC_USART3CLKSOURCE_SYSCLK
RCC.VCOOutput2Freq_Value=8000000
RTC.Date=10
RTC.Hours=18
RTC.IPParameters=Month,Date,Year,Hours
RTC.Month=RTC_MONTH_FEBRUARY
RTC.Year=20
SH.ADCx_IN10.0=ADC1_IN10
SH.ADCx_IN10.ConfNb=1
SH.ADCx_IN6P.0=ADC3_IN6,IN6-Single-Ended
SH.ADCx_IN6P.ConfNb=1
SH.GPXTI8.0=GPIO_EXTI8
SH.GPXTI8.ConfNb=1
SH.S_TIM8_CH2.0=TIM8_CH2,PWM Generation2 CH2
SH.S_TIM8_CH2.ConfNb=1
SPI3.BaudRatePrescaler=SPI_BAUDRATEPRESCALER_8
SPI3.CalculateBaudRate=4.5 MBits/s
SPI3.DataSize=SPI_DATASIZE_8BIT
SPI3.Direction=SPI_DIRECTION_2LINES
SPI3.IPParameters=VirtualType,Mode,Direction,CalculateBaudRate,DataSize,BaudRatePrescaler
SPI3.Mode=SPI_MODE_MASTER
SPI3.VirtualType=VM_MASTER
TIM16.AutoReloadPreload=TIM_AUTORELOAD_PRELOAD_DISABLE
TIM16.IPParameters=Prescaler,Period,AutoReloadPreload
TIM16.Period=9999
TIM16.Prescaler=710
TIM8.AutoReloadPreload=TIM_AUTORELOAD_PRELOAD_DISABLE
TIM8.Channel-PWM\ Generation2\ CH2=TIM_CHANNEL_2
TIM8.IPParameters=Period,Prescaler,TIM_MasterOutputTrigger2,Channel-PWM Generation2 CH2,AutoReloadPreload
TIM8.Period=9999
TIM8.Prescaler=71
TIM8.TIM_MasterOutputTrigger2=TIM_TRGO2_OC2REF
USART1.BaudRate=460800
USART1.DMADisableonRxErrorParam=ADVFEATURE_DMA_DISABLEONRXERROR
USART1.IPParameters=VirtualMode-Asynchronous,BaudRate,DMADisableonRxErrorParam
USART1.VirtualMode-Asynchronous=VM_ASYNC
USART2.BaudRate=460800
USART2.DMADisableonRxErrorParam=ADVFEATURE_DMA_DISABLEONRXERROR
USART2.IPParameters=VirtualMode-Asynchronous,BaudRate,DMADisableonRxErrorParam
USART2.VirtualMode-Asynchronous=VM_ASYNC
USART3.BaudRate=9600
USART3.IPParameters=VirtualMode-Asynchronous,BaudRate
USART3.VirtualMode-Asynchronous=VM_ASYNC
VP_ADC4_OPAMP_INTERNAL4.Mode=IN-OPAMP4
VP_ADC4_OPAMP_INTERNAL4.Signal=ADC4_OPAMP_INTERNAL4
VP_RTC_VS_RTC_Activate.Mode=RTC_Enabled
VP_RTC_VS_RTC_Activate.Signal=RTC_VS_RTC_Activate
VP_RTC_VS_RTC_Calendar.Mode=RTC_Calendar
VP_RTC_VS_RTC_Calendar.Signal=RTC_VS_RTC_Calendar
VP_SYS_VS_Systick.Mode=SysTick
VP_SYS_VS_Systick.Signal=SYS_VS_Systick
VP_TIM16_VS_ClockSourceINT.Mode=Enable_Timer
VP_TIM16_VS_ClockSourceINT.Signal=TIM16_VS_ClockSourceINT
VP_TIM16_VS_OPM.Mode=OPM_bit
VP_TIM16_VS_OPM.Signal=TIM16_VS_OPM
board=custom
